{
  "name": "backend-jobfinder-and-application-automation-platform",
  "version": "1.0.0",
  "lockfileVersion": 3,
  "requires": true,
  "packages": {
    "": {
      "name": "backend-jobfinder-and-application-automation-platform",
      "version": "1.0.0",
      "license": "ISC",
      "dependencies": {
        "backend-jobfinder-and-application-automation-platform": "file:"
      }
    },
    "node_modules/backend-jobfinder-and-application-automation-platform": {
      "resolved": "",
      "link": true
    }
  }
}
